{
  "requires": true,
  "lockfileVersion": 1,
  "dependencies": {
    "validator": {
      "version": "10.6.0",
      "resolved": "https://registry.npmjs.org/validator/-/validator-10.6.0.tgz",
      "integrity": "sha512-/yVPLo/GYprbhK9m9Qi9T7XSJ/lZ9rnqerlN68yH4c1/raGHoxlE7TtirN2VcP4w27Qvyv8UHJ/SUIjntPhPCw=="
    }
  }
}
